
Microsoft Visual Studio Solution File, Format Version 12.00
# Visual Studio Version 16
VisualStudioVersion = 16.0.31205.134
MinimumVisualStudioVersion = 10.0.40219.1
Project("{FAE04EC0-301F-11D3-BF4B-00C04F79EFBC}") = "Scheduling", "Scheduling\Scheduling.csproj", "{9323559A-0F52-4589-9E00-B369FFE8B0CD}"
EndProject
Global
	GlobalSection(SolutionConfigurationPlatforms) = preSolution
		Debug|Any CPU = Debug|Any CPU
		Release|Any CPU = Release|Any CPU
	EndGlobalSection
	GlobalSection(ProjectConfigurationPlatforms) = postSolution
		{9323559A-0F52-4589-9E00-B369FFE8B0CD}.Debug|Any CPU.ActiveCfg = Debug|Any CPU
		{9323559A-0F52-4589-9E00-B369FFE8B0CD}.Debug|Any CPU.Build.0 = Debug|Any CPU
		{9323559A-0F52-4589-9E00-B369FFE8B0CD}.Release|Any CPU.ActiveCfg = Release|Any CPU
		{9323559A-0F52-4589-9E00-B369FFE8B0CD}.Release|Any CPU.Build.0 = Release|Any CPU
	EndGlobalSection
	GlobalSection(SolutionProperties) = preSolution
		HideSolutionNode = FALSE
	EndGlobalSection
	GlobalSection(ExtensibilityGlobals) = postSolution
		SolutionGuid = {76BD7581-5EB5-4ED5-819C-0AC07961A29A}
	EndGlobalSection
EndGlobal
